
Microsoft Visual Studio Solution File, Format Version 12.00
# Visual Studio Version 17
VisualStudioVersion = 17.0.31903.59
MinimumVisualStudioVersion = 10.0.40219.1
Project("{FAE04EC0-301F-11D3-BF4B-00C04F79EFBC}") = "Blind75", "Blind75\Blind75.csproj", "{D809A6C6-95C6-4B89-93B5-4CAF7D5D02FD}"
EndProject
Project("{FAE04EC0-301F-11D3-BF4B-00C04F79EFBC}") = "Blind75.Tests", "Blind75.Tests\Blind75.Tests.csproj", "{29EE61BD-F5CB-453F-99E2-D28253860B6E}"
EndProject
Global
	GlobalSection(SolutionConfigurationPlatforms) = preSolution
		Debug|Any CPU = Debug|Any CPU
		Release|Any CPU = Release|Any CPU
	EndGlobalSection
	GlobalSection(SolutionProperties) = preSolution
		HideSolutionNode = FALSE
	EndGlobalSection
	GlobalSection(ProjectConfigurationPlatforms) = postSolution
		{D809A6C6-95C6-4B89-93B5-4CAF7D5D02FD}.Debug|Any CPU.ActiveCfg = Debug|Any CPU
		{D809A6C6-95C6-4B89-93B5-4CAF7D5D02FD}.Debug|Any CPU.Build.0 = Debug|Any CPU
		{D809A6C6-95C6-4B89-93B5-4CAF7D5D02FD}.Release|Any CPU.ActiveCfg = Release|Any CPU
		{D809A6C6-95C6-4B89-93B5-4CAF7D5D02FD}.Release|Any CPU.Build.0 = Release|Any CPU
		{29EE61BD-F5CB-453F-99E2-D28253860B6E}.Debug|Any CPU.ActiveCfg = Debug|Any CPU
		{29EE61BD-F5CB-453F-99E2-D28253860B6E}.Debug|Any CPU.Build.0 = Debug|Any CPU
		{29EE61BD-F5CB-453F-99E2-D28253860B6E}.Release|Any CPU.ActiveCfg = Release|Any CPU
		{29EE61BD-F5CB-453F-99E2-D28253860B6E}.Release|Any CPU.Build.0 = Release|Any CPU
	EndGlobalSection
EndGlobal
